
Microsoft Visual Studio Solution File, Format Version 12.00
# Visual Studio Version 16
VisualStudioVersion = 16.0.30225.117
MinimumVisualStudioVersion = 10.0.40219.1
Project("{FAE04EC0-301F-11D3-BF4B-00C04F79EFBC}") = "Loodos", "Loodos\Loodos.csproj", "{E15E38AB-A12B-44FF-852C-DC46FD8DA82F}"
EndProject
Global
	GlobalSection(SolutionConfigurationPlatforms) = preSolution
		Debug|Any CPU = Debug|Any CPU
		Release|Any CPU = Release|Any CPU
	EndGlobalSection
	GlobalSection(ProjectConfigurationPlatforms) = postSolution
		{E15E38AB-A12B-44FF-852C-DC46FD8DA82F}.Debug|Any CPU.ActiveCfg = Debug|Any CPU
		{E15E38AB-A12B-44FF-852C-DC46FD8DA82F}.Debug|Any CPU.Build.0 = Debug|Any CPU
		{E15E38AB-A12B-44FF-852C-DC46FD8DA82F}.Release|Any CPU.ActiveCfg = Release|Any CPU
		{E15E38AB-A12B-44FF-852C-DC46FD8DA82F}.Release|Any CPU.Build.0 = Release|Any CPU
	EndGlobalSection
	GlobalSection(SolutionProperties) = preSolution
		HideSolutionNode = FALSE
	EndGlobalSection
	GlobalSection(ExtensibilityGlobals) = postSolution
		SolutionGuid = {5F0A51A4-9F22-4BFB-910F-06512AA7BEE1}
	EndGlobalSection
EndGlobal
